
Microsoft Visual Studio Solution File, Format Version 12.00
# Visual Studio 15
VisualStudioVersion = 15.0.27428.2043
MinimumVisualStudioVersion = 10.0.40219.1
Project("{FAE04EC0-301F-11D3-BF4B-00C04F79EFBC}") = "Food Fetish", "Food Fetish.csproj", "{4719BE8B-A997-4727-8A1B-044A5300362C}"
EndProject
Global
	GlobalSection(SolutionConfigurationPlatforms) = preSolution
		Debug|Any CPU = Debug|Any CPU
		Release|Any CPU = Release|Any CPU
	EndGlobalSection
	GlobalSection(ProjectConfigurationPlatforms) = postSolution
		{4719BE8B-A997-4727-8A1B-044A5300362C}.Debug|Any CPU.ActiveCfg = Debug|Any CPU
		{4719BE8B-A997-4727-8A1B-044A5300362C}.Debug|Any CPU.Build.0 = Debug|Any CPU
		{4719BE8B-A997-4727-8A1B-044A5300362C}.Debug|Any CPU.Deploy.0 = Debug|Any CPU
		{4719BE8B-A997-4727-8A1B-044A5300362C}.Release|Any CPU.ActiveCfg = Release|Any CPU
		{4719BE8B-A997-4727-8A1B-044A5300362C}.Release|Any CPU.Build.0 = Release|Any CPU
		{4719BE8B-A997-4727-8A1B-044A5300362C}.Release|Any CPU.Deploy.0 = Release|Any CPU
	EndGlobalSection
	GlobalSection(SolutionProperties) = preSolution
		HideSolutionNode = FALSE
	EndGlobalSection
	GlobalSection(ExtensibilityGlobals) = postSolution
		SolutionGuid = {BEBDFC75-8DA0-4A9B-AEE6-807319BDE0D5}
	EndGlobalSection
EndGlobal
